
Microsoft Visual Studio Solution File, Format Version 12.00
# Visual Studio 15
VisualStudioVersion = 15.0.28307.572
MinimumVisualStudioVersion = 10.0.40219.1
Project("{FAE04EC0-301F-11D3-BF4B-00C04F79EFBC}") = "CMSPersonal", "CMSPersonal\CMSPersonal.csproj", "{57233D19-EAF6-42F5-8684-718B38D2BABA}"
EndProject
Global
	GlobalSection(SolutionConfigurationPlatforms) = preSolution
		Debug|Any CPU = Debug|Any CPU
		Release|Any CPU = Release|Any CPU
	EndGlobalSection
	GlobalSection(ProjectConfigurationPlatforms) = postSolution
		{57233D19-EAF6-42F5-8684-718B38D2BABA}.Debug|Any CPU.ActiveCfg = Debug|Any CPU
		{57233D19-EAF6-42F5-8684-718B38D2BABA}.Debug|Any CPU.Build.0 = Debug|Any CPU
		{57233D19-EAF6-42F5-8684-718B38D2BABA}.Release|Any CPU.ActiveCfg = Release|Any CPU
		{57233D19-EAF6-42F5-8684-718B38D2BABA}.Release|Any CPU.Build.0 = Release|Any CPU
	EndGlobalSection
	GlobalSection(SolutionProperties) = preSolution
		HideSolutionNode = FALSE
	EndGlobalSection
	GlobalSection(ExtensibilityGlobals) = postSolution
		SolutionGuid = {4D9B0E22-F01D-40E9-BCFF-66A36BB3C118}
	EndGlobalSection
EndGlobal
